Microsoft Visual Studio Solution File, Format Version 11.00
# Visual Studio 2008

Project("{6DCDC1DF-379E-5F17-BF0D-C2DBC6AB0D74}") = "Catsby", "Assembly-CSharp.csproj", "{07FFBC49-04F3-33DE-F1B6-3F371A492AD0}"
EndProject
Project("{6DCDC1DF-379E-5F17-BF0D-C2DBC6AB0D74}") = "Catsby", "Assembly-CSharp-Editor.csproj", "{D4FB9E70-1B5D-1B86-4BC1-901E529CDD75}"
EndProject
Global
	GlobalSection(SolutionConfigurationPlatforms) = preSolution
		Debug|Any CPU = Debug|Any CPU
		Release|Any CPU = Release|Any CPU
	EndGlobalSection
	GlobalSection(ProjectConfigurationPlatforms) = postSolution
		{07FFBC49-04F3-33DE-F1B6-3F371A492AD0}.Debug|Any CPU.ActiveCfg = Debug|Any CPU
		{07FFBC49-04F3-33DE-F1B6-3F371A492AD0}.Debug|Any CPU.Build.0 = Debug|Any CPU
		{07FFBC49-04F3-33DE-F1B6-3F371A492AD0}.Release|Any CPU.ActiveCfg = Release|Any CPU
		{07FFBC49-04F3-33DE-F1B6-3F371A492AD0}.Release|Any CPU.Build.0 = Release|Any CPU
		{D4FB9E70-1B5D-1B86-4BC1-901E529CDD75}.Debug|Any CPU.ActiveCfg = Debug|Any CPU
		{D4FB9E70-1B5D-1B86-4BC1-901E529CDD75}.Debug|Any CPU.Build.0 = Debug|Any CPU
		{D4FB9E70-1B5D-1B86-4BC1-901E529CDD75}.Release|Any CPU.ActiveCfg = Release|Any CPU
		{D4FB9E70-1B5D-1B86-4BC1-901E529CDD75}.Release|Any CPU.Build.0 = Release|Any CPU
	EndGlobalSection
	GlobalSection(SolutionProperties) = preSolution
		HideSolutionNode = FALSE
	EndGlobalSection
																																																										GlobalSection(MonoDevelopProperties) = preSolution
		StartupItem = Assembly-CSharp.csproj
	EndGlobalSection

EndGlobal
